{
	"name": "plg_content_prismhighlighterghsvs",
	"version": "2022.08.17",
	"lockfileVersion": 2,
	"requires": true,
	"packages": {
		"": {
			"name": "plg_content_prismhighlighterghsvs",
			"version": "2022.08.17",
			"license": "GPL-3.0",
			"dependencies": {
				"clipboard": "^2.0.11",
				"prismjs": "^1.28.0"
			},
			"devDependencies": {
				"recursive-readdir": "^2.2.2"
			}
		},
		"node_modules/balanced-match": {
			"version": "1.0.2",
			"resolved": "https://registry.npmjs.org/balanced-match/-/balanced-match-1.0.2.tgz",
			"integrity": "sha512-3oSeUO0TMV67hN1AmbXsK4yaqU7tjiHlbxRDZOpH0KW9+CeX4bRAaX0Anxt0tx2MrpRpWwQaPwIlISEJhYU5Pw==",
			"dev": true
		},
		"node_modules/brace-expansion": {
			"version": "1.1.11",
			"resolved": "https://registry.npmjs.org/brace-expansion/-/brace-expansion-1.1.11.tgz",
			"integrity": "sha512-iCuPHDFgrHX7H2vEI/5xpz07zSHB00TpugqhmYtVmMO6518mCuRMoOYFldEBl0g187ufozdaHgWKcYFb61qGiA==",
			"dev": true,
			"dependencies": {
				"balanced-match": "^1.0.0",
				"concat-map": "0.0.1"
			}
		},
		"node_modules/clipboard": {
			"version": "2.0.11",
			"resolved": "https://registry.npmjs.org/clipboard/-/clipboard-2.0.11.tgz",
			"integrity": "sha512-C+0bbOqkezLIsmWSvlsXS0Q0bmkugu7jcfMIACB+RDEntIzQIkdr148we28AfSloQLRdZlYL/QYyrq05j/3Faw==",
			"dependencies": {
				"good-listener": "^1.2.2",
				"select": "^1.1.2",
				"tiny-emitter": "^2.0.0"
			}
		},
		"node_modules/concat-map": {
			"version": "0.0.1",
			"resolved": "https://registry.npmjs.org/concat-map/-/concat-map-0.0.1.tgz",
			"integrity": "sha512-/Srv4dswyQNBfohGpz9o6Yb3Gz3SrUDqBH5rTuhGR7ahtlbYKnVxw2bCFMRljaA7EXHaXZ8wsHdodFvbkhKmqg==",
			"dev": true
		},
		"node_modules/delegate": {
			"version": "3.2.0",
			"resolved": "https://registry.npmjs.org/delegate/-/delegate-3.2.0.tgz",
			"integrity": "sha512-IofjkYBZaZivn0V8nnsMJGBr4jVLxHDheKSW88PyxS5QC4Vo9ZbZVvhzlSxY87fVq3STR6r+4cGepyHkcWOQSw=="
		},
		"node_modules/good-listener": {
			"version": "1.2.2",
			"resolved": "https://registry.npmjs.org/good-listener/-/good-listener-1.2.2.tgz",
			"integrity": "sha512-goW1b+d9q/HIwbVYZzZ6SsTr4IgE+WA44A0GmPIQstuOrgsFcT7VEJ48nmr9GaRtNu0XTKacFLGnBPAM6Afouw==",
			"dependencies": {
				"delegate": "^3.1.2"
			}
		},
		"node_modules/minimatch": {
			"version": "3.0.4",
			"resolved": "https://registry.npmjs.org/minimatch/-/minimatch-3.0.4.tgz",
			"integrity": "sha512-yJHVQEhyqPLUTgt9B83PXu6W3rx4MvvHvSUvToogpwoGDOUQ+yDrR0HRot+yOCdCO7u4hX3pWft6kWBBcqh0UA==",
			"dev": true,
			"dependencies": {
				"brace-expansion": "^1.1.7"
			},
			"engines": {
				"node": "*"
			}
		},
		"node_modules/prismjs": {
			"version": "1.28.0",
			"resolved": "https://registry.npmjs.org/prismjs/-/prismjs-1.28.0.tgz",
			"integrity": "sha512-8aaXdYvl1F7iC7Xm1spqSaY/OJBpYW3v+KJ+F17iYxvdc8sfjW194COK5wVhMZX45tGteiBQgdvD/nhxcRwylw==",
			"engines": {
				"node": ">=6"
			}
		},
		"node_modules/recursive-readdir": {
			"version": "2.2.2",
			"resolved": "https://registry.npmjs.org/recursive-readdir/-/recursive-readdir-2.2.2.tgz",
			"integrity": "sha512-nRCcW9Sj7NuZwa2XvH9co8NPeXUBhZP7CRKJtU+cS6PW9FpCIFoI5ib0NT1ZrbNuPoRy0ylyCaUL8Gih4LSyFg==",
			"dev": true,
			"dependencies": {
				"minimatch": "3.0.4"
			},
			"engines": {
				"node": ">=0.10.0"
			}
		},
		"node_modules/select": {
			"version": "1.1.2",
			"resolved": "https://registry.npmjs.org/select/-/select-1.1.2.tgz",
			"integrity": "sha512-OwpTSOfy6xSs1+pwcNrv0RBMOzI39Lp3qQKUTPVVPRjCdNa5JH/oPRiqsesIskK8TVgmRiHwO4KXlV2Li9dANA=="
		},
		"node_modules/tiny-emitter": {
			"version": "2.1.0",
			"resolved": "https://registry.npmjs.org/tiny-emitter/-/tiny-emitter-2.1.0.tgz",
			"integrity": "sha512-NB6Dk1A9xgQPMoGqC5CVXn123gWyte215ONT5Pp5a0yt4nlEoO1ZWeCwpncaekPHXO60i47ihFnZPiRPjRMq4Q=="
		}
	},
	"dependencies": {
		"balanced-match": {
			"version": "1.0.2",
			"resolved": "https://registry.npmjs.org/balanced-match/-/balanced-match-1.0.2.tgz",
			"integrity": "sha512-3oSeUO0TMV67hN1AmbXsK4yaqU7tjiHlbxRDZOpH0KW9+CeX4bRAaX0Anxt0tx2MrpRpWwQaPwIlISEJhYU5Pw==",
			"dev": true
		},
		"brace-expansion": {
			"version": "1.1.11",
			"resolved": "https://registry.npmjs.org/brace-expansion/-/brace-expansion-1.1.11.tgz",
			"integrity": "sha512-iCuPHDFgrHX7H2vEI/5xpz07zSHB00TpugqhmYtVmMO6518mCuRMoOYFldEBl0g187ufozdaHgWKcYFb61qGiA==",
			"dev": true,
			"requires": {
				"balanced-match": "^1.0.0",
				"concat-map": "0.0.1"
			}
		},
		"clipboard": {
			"version": "2.0.11",
			"resolved": "https://registry.npmjs.org/clipboard/-/clipboard-2.0.11.tgz",
			"integrity": "sha512-C+0bbOqkezLIsmWSvlsXS0Q0bmkugu7jcfMIACB+RDEntIzQIkdr148we28AfSloQLRdZlYL/QYyrq05j/3Faw==",
			"requires": {
				"good-listener": "^1.2.2",
				"select": "^1.1.2",
				"tiny-emitter": "^2.0.0"
			}
		},
		"concat-map": {
			"version": "0.0.1",
			"resolved": "https://registry.npmjs.org/concat-map/-/concat-map-0.0.1.tgz",
			"integrity": "sha512-/Srv4dswyQNBfohGpz9o6Yb3Gz3SrUDqBH5rTuhGR7ahtlbYKnVxw2bCFMRljaA7EXHaXZ8wsHdodFvbkhKmqg==",
			"dev": true
		},
		"delegate": {
			"version": "3.2.0",
			"resolved": "https://registry.npmjs.org/delegate/-/delegate-3.2.0.tgz",
			"integrity": "sha512-IofjkYBZaZivn0V8nnsMJGBr4jVLxHDheKSW88PyxS5QC4Vo9ZbZVvhzlSxY87fVq3STR6r+4cGepyHkcWOQSw=="
		},
		"good-listener": {
			"version": "1.2.2",
			"resolved": "https://registry.npmjs.org/good-listener/-/good-listener-1.2.2.tgz",
			"integrity": "sha512-goW1b+d9q/HIwbVYZzZ6SsTr4IgE+WA44A0GmPIQstuOrgsFcT7VEJ48nmr9GaRtNu0XTKacFLGnBPAM6Afouw==",
			"requires": {
				"delegate": "^3.1.2"
			}
		},
		"minimatch": {
			"version": "3.0.4",
			"resolved": "https://registry.npmjs.org/minimatch/-/minimatch-3.0.4.tgz",
			"integrity": "sha512-yJHVQEhyqPLUTgt9B83PXu6W3rx4MvvHvSUvToogpwoGDOUQ+yDrR0HRot+yOCdCO7u4hX3pWft6kWBBcqh0UA==",
			"dev": true,
			"requires": {
				"brace-expansion": "^1.1.7"
			}
		},
		"prismjs": {
			"version": "1.28.0",
			"resolved": "https://registry.npmjs.org/prismjs/-/prismjs-1.28.0.tgz",
			"integrity": "sha512-8aaXdYvl1F7iC7Xm1spqSaY/OJBpYW3v+KJ+F17iYxvdc8sfjW194COK5wVhMZX45tGteiBQgdvD/nhxcRwylw=="
		},
		"recursive-readdir": {
			"version": "2.2.2",
			"resolved": "https://registry.npmjs.org/recursive-readdir/-/recursive-readdir-2.2.2.tgz",
			"integrity": "sha512-nRCcW9Sj7NuZwa2XvH9co8NPeXUBhZP7CRKJtU+cS6PW9FpCIFoI5ib0NT1ZrbNuPoRy0ylyCaUL8Gih4LSyFg==",
			"dev": true,
			"requires": {
				"minimatch": "3.0.4"
			}
		},
		"select": {
			"version": "1.1.2",
			"resolved": "https://registry.npmjs.org/select/-/select-1.1.2.tgz",
			"integrity": "sha512-OwpTSOfy6xSs1+pwcNrv0RBMOzI39Lp3qQKUTPVVPRjCdNa5JH/oPRiqsesIskK8TVgmRiHwO4KXlV2Li9dANA=="
		},
		"tiny-emitter": {
			"version": "2.1.0",
			"resolved": "https://registry.npmjs.org/tiny-emitter/-/tiny-emitter-2.1.0.tgz",
			"integrity": "sha512-NB6Dk1A9xgQPMoGqC5CVXn123gWyte215ONT5Pp5a0yt4nlEoO1ZWeCwpncaekPHXO60i47ihFnZPiRPjRMq4Q=="
		}
	}
}
