{
    "_readme": [
        "This file locks the dependencies of your project to a known state",
        "Read more about it at https://getcomposer.org/doc/01-basic-usage.md#installing-dependencies",
        "This file is @generated automatically"
    ],
    "content-hash": "0149783dc50626faa086429797dd7aa7",
    "packages": [
        {
            "name": "digilive/git-changelog",
            "version": "v1.0.1",
            "source": {
                "type": "git",
                "url": "https://github.com/DigiLive/gitChangelog.git",
                "reference": "2f1638d02f81f167bf4ee62f324ce2fdf7a39e02"
            },
            "dist": {
                "type": "zip",
                "url": "https://api.github.com/repos/DigiLive/gitChangelog/zipball/2f1638d02f81f167bf4ee62f324ce2fdf7a39e02",
                "reference": "2f1638d02f81f167bf4ee62f324ce2fdf7a39e02",
                "shasum": ""
            },
            "require": {
                "php": "^7.3 || ^8.0"
            },
            "require-dev": {
                "mikey179/vfsstream": "^1.6",
                "phpunit/phpunit": "^9"
            },
            "type": "library",
            "autoload": {
                "psr-4": {
                    "DigiLive\\GitChangelog\\": "src/",
                    "DigiLive\\GitChangelog\\Tests\\": "tests/"
                }
            },
            "notification-url": "https://packagist.org/downloads/",
            "license": [
                "BSD-3-Clause"
            ],
            "authors": [
                {
                    "name": "DigiLive",
                    "email": "info@digilive.nl",
                    "homepage": "https://digilive.nl"
                },
                {
                    "name": "Mario",
                    "email": "leet31337@web.de"
                }
            ],
            "description": "Generate a changelog from git commits of the local repository",
            "keywords": [
                "changelog",
                "generator",
                "git",
                "php"
            ],
            "support": {
                "issues": "https://github.com/DigiLive/gitChangelog/issues",
                "source": "https://github.com/DigiLive/gitChangelog/tree/v1.0.1"
            },
            "time": "2021-06-09T15:07:16+00:00"
        },
        {
            "name": "laminas/laminas-dom",
            "version": "2.12.0",
            "source": {
                "type": "git",
                "url": "https://github.com/laminas/laminas-dom.git",
                "reference": "5e8571a85a231807c6f8f00cab404de500d488ba"
            },
            "dist": {
                "type": "zip",
                "url": "https://api.github.com/repos/laminas/laminas-dom/zipball/5e8571a85a231807c6f8f00cab404de500d488ba",
                "reference": "5e8571a85a231807c6f8f00cab404de500d488ba",
                "shasum": ""
            },
            "require": {
                "ext-dom": "*",
                "ext-libxml": "*",
                "php": "^7.4 || ~8.0.0 || ~8.1.0"
            },
            "conflict": {
                "zendframework/zend-dom": "*"
            },
            "require-dev": {
                "laminas/laminas-coding-standard": "^2.1.4",
                "phpunit/phpunit": "^9.5.10"
            },
            "type": "library",
            "extra": {
                "branch-alias": {
                    "dev-master": "2.7.x-dev",
                    "dev-develop": "2.8.x-dev"
                }
            },
            "autoload": {
                "psr-4": {
                    "Laminas\\Dom\\": "src/"
                }
            },
            "notification-url": "https://packagist.org/downloads/",
            "license": [
                "BSD-3-Clause"
            ],
            "description": "provides tools for working with DOM documents and structures",
            "homepage": "https://laminas.dev",
            "keywords": [
                "dom",
                "laminas"
            ],
            "support": {
                "chat": "https://laminas.dev/chat",
                "docs": "https://docs.laminas.dev/laminas-dom/",
                "forum": "https://discourse.laminas.dev",
                "issues": "https://github.com/laminas/laminas-dom/issues",
                "rss": "https://github.com/laminas/laminas-dom/releases.atom",
                "source": "https://github.com/laminas/laminas-dom"
            },
            "funding": [
                {
                    "url": "https://funding.communitybridge.org/projects/laminas-project",
                    "type": "community_bridge"
                }
            ],
            "time": "2021-12-13T15:52:16+00:00"
        },
        {
            "name": "matthiasmullie/minify",
            "version": "1.3.66",
            "source": {
                "type": "git",
                "url": "https://github.com/matthiasmullie/minify.git",
                "reference": "45fd3b0f1dfa2c965857c6d4a470bea52adc31a6"
            },
            "dist": {
                "type": "zip",
                "url": "https://api.github.com/repos/matthiasmullie/minify/zipball/45fd3b0f1dfa2c965857c6d4a470bea52adc31a6",
                "reference": "45fd3b0f1dfa2c965857c6d4a470bea52adc31a6",
                "shasum": ""
            },
            "require": {
                "ext-pcre": "*",
                "matthiasmullie/path-converter": "~1.1",
                "php": ">=5.3.0"
            },
            "require-dev": {
                "friendsofphp/php-cs-fixer": "~2.0",
                "matthiasmullie/scrapbook": "dev-master",
                "phpunit/phpunit": ">=4.8"
            },
            "suggest": {
                "psr/cache-implementation": "Cache implementation to use with Minify::cache"
            },
            "bin": [
                "bin/minifycss",
                "bin/minifyjs"
            ],
            "type": "library",
            "autoload": {
                "psr-4": {
                    "MatthiasMullie\\Minify\\": "src/"
                }
            },
            "notification-url": "https://packagist.org/downloads/",
            "license": [
                "MIT"
            ],
            "authors": [
                {
                    "name": "Matthias Mullie",
                    "email": "minify@mullie.eu",
                    "homepage": "http://www.mullie.eu",
                    "role": "Developer"
                }
            ],
            "description": "CSS & JavaScript minifier, in PHP. Removes whitespace, strips comments, combines files (incl. @import statements and small assets in CSS files), and optimizes/shortens a few common programming patterns.",
            "homepage": "http://www.minifier.org",
            "keywords": [
                "JS",
                "css",
                "javascript",
                "minifier",
                "minify"
            ],
            "support": {
                "issues": "https://github.com/matthiasmullie/minify/issues",
                "source": "https://github.com/matthiasmullie/minify/tree/1.3.66"
            },
            "funding": [
                {
                    "url": "https://github.com/[user1",
                    "type": "github"
                },
                {
                    "url": "https://github.com/matthiasmullie] # Replace with up to 4 GitHub Sponsors-enabled usernames e.g.",
                    "type": "github"
                },
                {
                    "url": "https://github.com/user2",
                    "type": "github"
                }
            ],
            "time": "2021-01-06T15:18:10+00:00"
        },
        {
            "name": "matthiasmullie/path-converter",
            "version": "1.1.3",
            "source": {
                "type": "git",
                "url": "https://github.com/matthiasmullie/path-converter.git",
                "reference": "e7d13b2c7e2f2268e1424aaed02085518afa02d9"
            },
            "dist": {
                "type": "zip",
                "url": "https://api.github.com/repos/matthiasmullie/path-converter/zipball/e7d13b2c7e2f2268e1424aaed02085518afa02d9",
                "reference": "e7d13b2c7e2f2268e1424aaed02085518afa02d9",
                "shasum": ""
            },
            "require": {
                "ext-pcre": "*",
                "php": ">=5.3.0"
            },
            "require-dev": {
                "phpunit/phpunit": "~4.8"
            },
            "type": "library",
            "autoload": {
                "psr-4": {
                    "MatthiasMullie\\PathConverter\\": "src/"
                }
            },
            "notification-url": "https://packagist.org/downloads/",
            "license": [
                "MIT"
            ],
            "authors": [
                {
                    "name": "Matthias Mullie",
                    "email": "pathconverter@mullie.eu",
                    "homepage": "http://www.mullie.eu",
                    "role": "Developer"
                }
            ],
            "description": "Relative path converter",
            "homepage": "http://github.com/matthiasmullie/path-converter",
            "keywords": [
                "converter",
                "path",
                "paths",
                "relative"
            ],
            "support": {
                "issues": "https://github.com/matthiasmullie/path-converter/issues",
                "source": "https://github.com/matthiasmullie/path-converter/tree/1.1.3"
            },
            "time": "2019-02-05T23:41:09+00:00"
        }
    ],
    "packages-dev": [],
    "aliases": [],
    "minimum-stability": "stable",
    "stability-flags": [],
    "prefer-stable": false,
    "prefer-lowest": false,
    "platform": [],
    "platform-dev": [],
    "plugin-api-version": "2.0.0"
}
